
Microsoft Visual Studio Solution File, Format Version 12.00
# Visual Studio Version 16
VisualStudioVersion = 16.0.30320.27
MinimumVisualStudioVersion = 10.0.40219.1
Project("{FAE04EC0-301F-11D3-BF4B-00C04F79EFBC}") = "Bookkeeping", "Bookkeeping\Bookkeeping.csproj", "{644A82B6-A694-4F1C-A7F9-9F0CD638FFD1}"
EndProject
Global
	GlobalSection(SolutionConfigurationPlatforms) = preSolution
		Debug|Any CPU = Debug|Any CPU
		Release|Any CPU = Release|Any CPU
	EndGlobalSection
	GlobalSection(ProjectConfigurationPlatforms) = postSolution
		{644A82B6-A694-4F1C-A7F9-9F0CD638FFD1}.Debug|Any CPU.ActiveCfg = Debug|Any CPU
		{644A82B6-A694-4F1C-A7F9-9F0CD638FFD1}.Debug|Any CPU.Build.0 = Debug|Any CPU
		{644A82B6-A694-4F1C-A7F9-9F0CD638FFD1}.Release|Any CPU.ActiveCfg = Release|Any CPU
		{644A82B6-A694-4F1C-A7F9-9F0CD638FFD1}.Release|Any CPU.Build.0 = Release|Any CPU
	EndGlobalSection
	GlobalSection(SolutionProperties) = preSolution
		HideSolutionNode = FALSE
	EndGlobalSection
	GlobalSection(ExtensibilityGlobals) = postSolution
		SolutionGuid = {22C05ED2-4EB9-4242-8146-CB2F883D48A3}
	EndGlobalSection
EndGlobal
